
Microsoft Visual Studio Solution File, Format Version 12.00
# Visual Studio Version 16
VisualStudioVersion = 16.0.30330.147
MinimumVisualStudioVersion = 10.0.40219.1
Project("{8BC9CEB8-8B4A-11D0-8D11-00A0C91BC942}") = "opencv_test", "opencv_test.vcxproj", "{519FE774-52E8-4DC5-A539-3EDA4E1E3524}"
EndProject
Global
	GlobalSection(SolutionConfigurationPlatforms) = preSolution
		Debug|x64 = Debug|x64
		Debug|x86 = Debug|x86
		Release|x64 = Release|x64
		Release|x86 = Release|x86
	EndGlobalSection
	GlobalSection(ProjectConfigurationPlatforms) = postSolution
		{519FE774-52E8-4DC5-A539-3EDA4E1E3524}.Debug|x64.ActiveCfg = Debug|x64
		{519FE774-52E8-4DC5-A539-3EDA4E1E3524}.Debug|x64.Build.0 = Debug|x64
		{519FE774-52E8-4DC5-A539-3EDA4E1E3524}.Debug|x86.ActiveCfg = Debug|x64
		{519FE774-52E8-4DC5-A539-3EDA4E1E3524}.Debug|x86.Build.0 = Debug|x64
		{519FE774-52E8-4DC5-A539-3EDA4E1E3524}.Release|x64.ActiveCfg = Release|x64
		{519FE774-52E8-4DC5-A539-3EDA4E1E3524}.Release|x64.Build.0 = Release|x64
		{519FE774-52E8-4DC5-A539-3EDA4E1E3524}.Release|x86.ActiveCfg = Release|Win32
		{519FE774-52E8-4DC5-A539-3EDA4E1E3524}.Release|x86.Build.0 = Release|Win32
	EndGlobalSection
	GlobalSection(SolutionProperties) = preSolution
		HideSolutionNode = FALSE
	EndGlobalSection
	GlobalSection(ExtensibilityGlobals) = postSolution
		SolutionGuid = {89B6F09B-C006-43FE-956C-F8C6F8A92E27}
	EndGlobalSection
EndGlobal
