
Microsoft Visual Studio Solution File, Format Version 12.00
# Visual Studio Version 16
VisualStudioVersion = 16.0.30330.147
MinimumVisualStudioVersion = 10.0.40219.1
Project("{8BC9CEB8-8B4A-11D0-8D11-00A0C91BC942}") = "image_bluring_filter", "image_bluring_filter.vcxproj", "{C81CEBE2-5AC9-4E18-9A1B-A2C388AFEEE7}"
EndProject
Global
	GlobalSection(SolutionConfigurationPlatforms) = preSolution
		Debug|x64 = Debug|x64
		Release|x64 = Release|x64
	EndGlobalSection
	GlobalSection(ProjectConfigurationPlatforms) = postSolution
		{C81CEBE2-5AC9-4E18-9A1B-A2C388AFEEE7}.Debug|x64.ActiveCfg = Debug|x64
		{C81CEBE2-5AC9-4E18-9A1B-A2C388AFEEE7}.Debug|x64.Build.0 = Debug|x64
		{C81CEBE2-5AC9-4E18-9A1B-A2C388AFEEE7}.Release|x64.ActiveCfg = Release|x64
		{C81CEBE2-5AC9-4E18-9A1B-A2C388AFEEE7}.Release|x64.Build.0 = Release|x64
	EndGlobalSection
	GlobalSection(SolutionProperties) = preSolution
		HideSolutionNode = FALSE
	EndGlobalSection
	GlobalSection(ExtensibilityGlobals) = postSolution
		SolutionGuid = {691F0DAF-E579-4B52-AF63-9C94748ADEF1}
	EndGlobalSection
EndGlobal
